// !$*UTF8*$!
{
	archiveVersion = 1;
	classes = {
	};
	objectVersion = 56;
	objects = {

/* Begin PBXBuildFile section */
		6E6042452B9CF7C20009014A /* SwiftUIJourneyApp.swift in Sources */ = {isa = PBXBuildFile; fileRef = 6E6042442B9CF7C20009014A /* SwiftUIJourneyApp.swift */; };
		6E6042492B9CF7C40009014A /* Assets.xcassets in Resources */ = {isa = PBXBuildFile; fileRef = 6E6042482B9CF7C40009014A /* Assets.xcassets */; };
		6E60424C2B9CF7C40009014A /* Preview Assets.xcassets in Resources */ = {isa = PBXBuildFile; fileRef = 6E60424B2B9CF7C40009014A /* Preview Assets.xcassets */; };
		6E6042562B9CF85F0009014A /* SheetSample.swift in Sources */ = {isa = PBXBuildFile; fileRef = 6E6042522B9CF85F0009014A /* SheetSample.swift */; };
		6E6042572B9CF85F0009014A /* ViewAppearance.swift in Sources */ = {isa = PBXBuildFile; fileRef = 6E6042532B9CF85F0009014A /* ViewAppearance.swift */; };
		6E6042582B9CF85F0009014A /* SheetView.swift in Sources */ = {isa = PBXBuildFile; fileRef = 6E6042542B9CF85F0009014A /* SheetView.swift */; };
		6E6042592B9CF85F0009014A /* AnimationsSample.swift in Sources */ = {isa = PBXBuildFile; fileRef = 6E6042552B9CF85F0009014A /* AnimationsSample.swift */; };
		6E60425C2B9CF9950009014A /* ContentView.swift in Sources */ = {isa = PBXBuildFile; fileRef = 6E60425B2B9CF9950009014A /* ContentView.swift */; };
		6E60425E2B9CFA280009014A /* FadeAnimationTransition.swift in Sources */ = {isa = PBXBuildFile; fileRef = 6E60425D2B9CFA280009014A /* FadeAnimationTransition.swift */; };
/* End PBXBuildFile section */

/* Begin PBXFileReference section */
		6E6042412B9CF7C20009014A /* SwiftUIJourney.app */ = {isa = PBXFileReference; explicitFileType = wrapper.application; includeInIndex = 0; path = SwiftUIJourney.app; sourceTree = BUILT_PRODUCTS_DIR; };
		6E6042442B9CF7C20009014A /* SwiftUIJourneyApp.swift */ = {isa = PBXFileReference; lastKnownFileType = sourcecode.swift; path = SwiftUIJourneyApp.swift; sourceTree = "<group>"; };
		6E6042482B9CF7C40009014A /* Assets.xcassets */ = {isa = PBXFileReference; lastKnownFileType = folder.assetcatalog; path = Assets.xcassets; sourceTree = "<group>"; };
		6E60424B2B9CF7C40009014A /* Preview Assets.xcassets */ = {isa = PBXFileReference; lastKnownFileType = folder.assetcatalog; path = "Preview Assets.xcassets"; sourceTree = "<group>"; };
		6E6042522B9CF85F0009014A /* SheetSample.swift */ = {isa = PBXFileReference; fileEncoding = 4; lastKnownFileType = sourcecode.swift; path = SheetSample.swift; sourceTree = "<group>"; };
		6E6042532B9CF85F0009014A /* ViewAppearance.swift */ = {isa = PBXFileReference; fileEncoding = 4; lastKnownFileType = sourcecode.swift; path = ViewAppearance.swift; sourceTree = "<group>"; };
		6E6042542B9CF85F0009014A /* SheetView.swift */ = {isa = PBXFileReference; fileEncoding = 4; lastKnownFileType = sourcecode.swift; path = SheetView.swift; sourceTree = "<group>"; };
		6E6042552B9CF85F0009014A /* AnimationsSample.swift */ = {isa = PBXFileReference; fileEncoding = 4; lastKnownFileType = sourcecode.swift; path = AnimationsSample.swift; sourceTree = "<group>"; };
		6E60425B2B9CF9950009014A /* ContentView.swift */ = {isa = PBXFileReference; lastKnownFileType = sourcecode.swift; path = ContentView.swift; sourceTree = "<group>"; };
		6E60425D2B9CFA280009014A /* FadeAnimationTransition.swift */ = {isa = PBXFileReference; lastKnownFileType = sourcecode.swift; path = FadeAnimationTransition.swift; sourceTree = "<group>"; };
/* End PBXFileReference section */

/* Begin PBXFrameworksBuildPhase section */
		6E60423E2B9CF7C20009014A /* Frameworks */ = {
			isa = PBXFrameworksBuildPhase;
			buildActionMask = 2147483647;
			files = (
			);
			runOnlyForDeploymentPostprocessing = 0;
		};
/* End PBXFrameworksBuildPhase section */

/* Begin PBXGroup section */
		6E6042382B9CF7C20009014A = {
			isa = PBXGroup;
			children = (
				6E6042432B9CF7C20009014A /* SwiftUIJourney */,
				6E6042422B9CF7C20009014A /* Products */,
			);
			sourceTree = "<group>";
		};
		6E6042422B9CF7C20009014A /* Products */ = {
			isa = PBXGroup;
			children = (
				6E6042412B9CF7C20009014A /* SwiftUIJourney.app */,
			);
			name = Products;
			sourceTree = "<group>";
		};
		6E6042432B9CF7C20009014A /* SwiftUIJourney */ = {
			isa = PBXGroup;
			children = (
				6E6042442B9CF7C20009014A /* SwiftUIJourneyApp.swift */,
				6E60425B2B9CF9950009014A /* ContentView.swift */,
				6E60425A2B9CF8D50009014A /* Subviews */,
				6E6042482B9CF7C40009014A /* Assets.xcassets */,
				6E60424A2B9CF7C40009014A /* Preview Content */,
			);
			path = SwiftUIJourney;
			sourceTree = "<group>";
		};
		6E60424A2B9CF7C40009014A /* Preview Content */ = {
			isa = PBXGroup;
			children = (
				6E60424B2B9CF7C40009014A /* Preview Assets.xcassets */,
			);
			path = "Preview Content";
			sourceTree = "<group>";
		};
		6E60425A2B9CF8D50009014A /* Subviews */ = {
			isa = PBXGroup;
			children = (
				6E6042552B9CF85F0009014A /* AnimationsSample.swift */,
				6E6042522B9CF85F0009014A /* SheetSample.swift */,
				6E6042542B9CF85F0009014A /* SheetView.swift */,
				6E6042532B9CF85F0009014A /* ViewAppearance.swift */,
				6E60425D2B9CFA280009014A /* FadeAnimationTransition.swift */,
			);
			path = Subviews;
			sourceTree = "<group>";
		};
/* End PBXGroup section */

/* Begin PBXNativeTarget section */
		6E6042402B9CF7C20009014A /* SwiftUIJourney */ = {
			isa = PBXNativeTarget;
			buildConfigurationList = 6E60424F2B9CF7C40009014A /* Build configuration list for PBXNativeTarget "SwiftUIJourney" */;
			buildPhases = (
				6E60423D2B9CF7C20009014A /* Sources */,
				6E60423E2B9CF7C20009014A /* Frameworks */,
				6E60423F2B9CF7C20009014A /* Resources */,
			);
			buildRules = (
			);
			dependencies = (
			);
			name = SwiftUIJourney;
			productName = SwiftUIJourney;
			productReference = 6E6042412B9CF7C20009014A /* SwiftUIJourney.app */;
			productType = "com.apple.product-type.application";
		};
/* End PBXNativeTarget section */

/* Begin PBXProject section */
		6E6042392B9CF7C20009014A /* Project object */ = {
			isa = PBXProject;
			attributes = {
				BuildIndependentTargetsInParallel = 1;
				LastSwiftUpdateCheck = 1510;
				LastUpgradeCheck = 1510;
				TargetAttributes = {
					6E6042402B9CF7C20009014A = {
						CreatedOnToolsVersion = 15.1;
					};
				};
			};
			buildConfigurationList = 6E60423C2B9CF7C20009014A /* Build configuration list for PBXProject "SwiftUIJourney" */;
			compatibilityVersion = "Xcode 14.0";
			developmentRegion = en;
			hasScannedForEncodings = 0;
			knownRegions = (
				en,
				Base,
			);
			mainGroup = 6E6042382B9CF7C20009014A;
			productRefGroup = 6E6042422B9CF7C20009014A /* Products */;
			projectDirPath = "";
			projectRoot = "";
			targets = (
				6E6042402B9CF7C20009014A /* SwiftUIJourney */,
			);
		};
/* End PBXProject section */

/* Begin PBXResourcesBuildPhase section */
		6E60423F2B9CF7C20009014A /* Resources */ = {
			isa = PBXResourcesBuildPhase;
			buildActionMask = 2147483647;
			files = (
				6E60424C2B9CF7C40009014A /* Preview Assets.xcassets in Resources */,
				6E6042492B9CF7C40009014A /* Assets.xcassets in Resources */,
			);
			runOnlyForDeploymentPostprocessing = 0;
		};
/* End PBXResourcesBuildPhase section */

/* Begin PBXSourcesBuildPhase section */
		6E60423D2B9CF7C20009014A /* Sources */ = {
			isa = PBXSourcesBuildPhase;
			buildActionMask = 2147483647;
			files = (
				6E6042592B9CF85F0009014A /* AnimationsSample.swift in Sources */,
				6E6042562B9CF85F0009014A /* SheetSample.swift in Sources */,
				6E60425C2B9CF9950009014A /* ContentView.swift in Sources */,
				6E6042582B9CF85F0009014A /* SheetView.swift in Sources */,
				6E6042572B9CF85F0009014A /* ViewAppearance.swift in Sources */,
				6E6042452B9CF7C20009014A /* SwiftUIJourneyApp.swift in Sources */,
				6E60425E2B9CFA280009014A /* FadeAnimationTransition.swift in Sources */,
			);
			runOnlyForDeploymentPostprocessing = 0;
		};
/* End PBXSourcesBuildPhase section */

/* Begin XCBuildConfiguration section */
		6E60424D2B9CF7C40009014A /* Debug */ = {
			isa = XCBuildConfiguration;
			buildSettings = {
				ALWAYS_SEARCH_USER_PATHS = NO;
				ASSETCATALOG_COMPILER_GENERATE_SWIFT_ASSET_SYMBOL_EXTENSIONS = YES;
				CLANG_ANALYZER_NONNULL = YES;
				CLANG_ANALYZER_NUMBER_OBJECT_CONVERSION = YES_AGGRESSIVE;
				CLANG_CXX_LANGUAGE_STANDARD = "gnu++20";
				CLANG_ENABLE_MODULES = YES;
				CLANG_ENABLE_OBJC_ARC = YES;
				CLANG_ENABLE_OBJC_WEAK = YES;
				CLANG_WARN_BLOCK_CAPTURE_AUTORELEASING = YES;
				CLANG_WARN_BOOL_CONVERSION = YES;
				CLANG_WARN_COMMA = YES;
				CLANG_WARN_CONSTANT_CONVERSION = YES;
				CLANG_WARN_DEPRECATED_OBJC_IMPLEMENTATIONS = YES;
				CLANG_WARN_DIRECT_OBJC_ISA_USAGE = YES_ERROR;
				CLANG_WARN_DOCUMENTATION_COMMENTS = YES;
				CLANG_WARN_EMPTY_BODY = YES;
				CLANG_WARN_ENUM_CONVERSION = YES;
				CLANG_WARN_INFINITE_RECURSION = YES;
				CLANG_WARN_INT_CONVERSION = YES;
				CLANG_WARN_NON_LITERAL_NULL_CONVERSION = YES;
				CLANG_WARN_OBJC_IMPLICIT_RETAIN_SELF = YES;
				CLANG_WARN_OBJC_LITERAL_CONVERSION = YES;
				CLANG_WARN_OBJC_ROOT_CLASS = YES_ERROR;
				CLANG_WARN_QUOTED_INCLUDE_IN_FRAMEWORK_HEADER = YES;
				CLANG_WARN_RANGE_LOOP_ANALYSIS = YES;
				CLANG_WARN_STRICT_PROTOTYPES = YES;
				CLANG_WARN_SUSPICIOUS_MOVE = YES;
				CLANG_WARN_UNGUARDED_AVAILABILITY = YES_AGGRESSIVE;
				CLANG_WARN_UNREACHABLE_CODE = YES;
				CLANG_WARN__DUPLICATE_METHOD_MATCH = YES;
				COPY_PHASE_STRIP = NO;
				DEBUG_INFORMATION_FORMAT = dwarf;
				ENABLE_STRICT_OBJC_MSGSEND = YES;
				ENABLE_TESTABILITY = YES;
				ENABLE_USER_SCRIPT_SANDBOXING = YES;
				GCC_C_LANGUAGE_STANDARD = gnu17;
				GCC_DYNAMIC_NO_PIC = NO;
				GCC_NO_COMMON_BLOCKS = YES;
				GCC_OPTIMIZATION_LEVEL = 0;
				GCC_PREPROCESSOR_DEFINITIONS = (
					"DEBUG=1",
					"$(inherited)",
				);
				GCC_WARN_64_TO_32_BIT_CONVERSION = YES;
				GCC_WARN_ABOUT_RETURN_TYPE = YES_ERROR;
				GCC_WARN_UNDECLARED_SELECTOR = YES;
				GCC_WARN_UNINITIALIZED_AUTOS = YES_AGGRESSIVE;
				GCC_WARN_UNUSED_FUNCTION = YES;
				GCC_WARN_UNUSED_VARIABLE = YES;
				IPHONEOS_DEPLOYMENT_TARGET = 17.2;
				LOCALIZATION_PREFERS_STRING_CATALOGS = YES;
				MTL_ENABLE_DEBUG_INFO = INCLUDE_SOURCE;
				MTL_FAST_MATH = YES;
				ONLY_ACTIVE_ARCH = YES;
				SDKROOT = iphoneos;
				SWIFT_ACTIVE_COMPILATION_CONDITIONS = "DEBUG $(inherited)";
				SWIFT_OPTIMIZATION_LEVEL = "-Onone";
			};
			name = Debug;
		};
		6E60424E2B9CF7C40009014A /* Release */ = {
			isa = XCBuildConfiguration;
			buildSettings = {
				ALWAYS_SEARCH_USER_PATHS = NO;
				ASSETCATALOG_COMPILER_GENERATE_SWIFT_ASSET_SYMBOL_EXTENSIONS = YES;
				CLANG_ANALYZER_NONNULL = YES;
				CLANG_ANALYZER_NUMBER_OBJECT_CONVERSION = YES_AGGRESSIVE;
				CLANG_CXX_LANGUAGE_STANDARD = "gnu++20";
				CLANG_ENABLE_MODULES = YES;
				CLANG_ENABLE_OBJC_ARC = YES;
				CLANG_ENABLE_OBJC_WEAK = YES;
				CLANG_WARN_BLOCK_CAPTURE_AUTORELEASING = YES;
				CLANG_WARN_BOOL_CONVERSION = YES;
				CLANG_WARN_COMMA = YES;
				CLANG_WARN_CONSTANT_CONVERSION = YES;
				CLANG_WARN_DEPRECATED_OBJC_IMPLEMENTATIONS = YES;
				CLANG_WARN_DIRECT_OBJC_ISA_USAGE = YES_ERROR;
				CLANG_WARN_DOCUMENTATION_COMMENTS = YES;
				CLANG_WARN_EMPTY_BODY = YES;
				CLANG_WARN_ENUM_CONVERSION = YES;
				CLANG_WARN_INFINITE_RECURSION = YES;
				CLANG_WARN_INT_CONVERSION = YES;
				CLANG_WARN_NON_LITERAL_NULL_CONVERSION = YES;
				CLANG_WARN_OBJC_IMPLICIT_RETAIN_SELF = YES;
				CLANG_WARN_OBJC_LITERAL_CONVERSION = YES;
				CLANG_WARN_OBJC_ROOT_CLASS = YES_ERROR;
				CLANG_WARN_QUOTED_INCLUDE_IN_FRAMEWORK_HEADER = YES;
				CLANG_WARN_RANGE_LOOP_ANALYSIS = YES;
				CLANG_WARN_STRICT_PROTOTYPES = YES;
				CLANG_WARN_SUSPICIOUS_MOVE = YES;
				CLANG_WARN_UNGUARDED_AVAILABILITY = YES_AGGRESSIVE;
				CLANG_WARN_UNREACHABLE_CODE = YES;
				CLANG_WARN__DUPLICATE_METHOD_MATCH = YES;
				COPY_PHASE_STRIP = NO;
				DEBUG_INFORMATION_FORMAT = "dwarf-with-dsym";
				ENABLE_NS_ASSERTIONS = NO;
				ENABLE_STRICT_OBJC_MSGSEND = YES;
				ENABLE_USER_SCRIPT_SANDBOXING = YES;
				GCC_C_LANGUAGE_STANDARD = gnu17;
				GCC_NO_COMMON_BLOCKS = YES;
				GCC_WARN_64_TO_32_BIT_CONVERSION = YES;
				GCC_WARN_ABOUT_RETURN_TYPE = YES_ERROR;
				GCC_WARN_UNDECLARED_SELECTOR = YES;
				GCC_WARN_UNINITIALIZED_AUTOS = YES_AGGRESSIVE;
				GCC_WARN_UNUSED_FUNCTION = YES;
				GCC_WARN_UNUSED_VARIABLE = YES;
				IPHONEOS_DEPLOYMENT_TARGET = 17.2;
				LOCALIZATION_PREFERS_STRING_CATALOGS = YES;
				MTL_ENABLE_DEBUG_INFO = NO;
				MTL_FAST_MATH = YES;
				SDKROOT = iphoneos;
				SWIFT_COMPILATION_MODE = wholemodule;
				VALIDATE_PRODUCT = YES;
			};
			name = Release;
		};
		6E6042502B9CF7C40009014A /* Debug */ = {
			isa = XCBuildConfiguration;
			buildSettings = {
				ASSETCATALOG_COMPILER_APPICON_NAME = AppIcon;
				ASSETCATALOG_COMPILER_GLOBAL_ACCENT_COLOR_NAME = AccentColor;
				CODE_SIGN_STYLE = Automatic;
				CURRENT_PROJECT_VERSION = 1;
				DEVELOPMENT_ASSET_PATHS = "\"SwiftUIJourney/Preview Content\"";
				DEVELOPMENT_TEAM = SA3R8VR9GD;
				ENABLE_PREVIEWS = YES;
				GENERATE_INFOPLIST_FILE = YES;
				INFOPLIST_KEY_UIApplicationSceneManifest_Generation = YES;
				INFOPLIST_KEY_UIApplicationSupportsIndirectInputEvents = YES;
				INFOPLIST_KEY_UILaunchScreen_Generation = YES;
				INFOPLIST_KEY_UISupportedInterfaceOrientations_iPad = "UIInterfaceOrientationPortrait UIInterfaceOrientationPortraitUpsideDown UIInterfaceOrientationLandscapeLeft UIInterfaceOrientationLandscapeRight";
				INFOPLIST_KEY_UISupportedInterfaceOrientations_iPhone = "UIInterfaceOrientationPortrait UIInterfaceOrientationLandscapeLeft UIInterfaceOrientationLandscapeRight";
				LD_RUNPATH_SEARCH_PATHS = (
					"$(inherited)",
					"@executable_path/Frameworks",
				);
				MARKETING_VERSION = 1.0;
				PRODUCT_BUNDLE_IDENTIFIER = com.ganeshrajugalla.SwiftUIJourney;
				PRODUCT_NAME = "$(TARGET_NAME)";
				SWIFT_EMIT_LOC_STRINGS = YES;
				SWIFT_VERSION = 5.0;
				TARGETED_DEVICE_FAMILY = "1,2";
			};
			name = Debug;
		};
		6E6042512B9CF7C40009014A /* Release */ = {
			isa = XCBuildConfiguration;
			buildSettings = {
				ASSETCATALOG_COMPILER_APPICON_NAME = AppIcon;
				ASSETCATALOG_COMPILER_GLOBAL_ACCENT_COLOR_NAME = AccentColor;
				CODE_SIGN_STYLE = Automatic;
				CURRENT_PROJECT_VERSION = 1;
				DEVELOPMENT_ASSET_PATHS = "\"SwiftUIJourney/Preview Content\"";
				DEVELOPMENT_TEAM = SA3R8VR9GD;
				ENABLE_PREVIEWS = YES;
				GENERATE_INFOPLIST_FILE = YES;
				INFOPLIST_KEY_UIApplicationSceneManifest_Generation = YES;
				INFOPLIST_KEY_UIApplicationSupportsIndirectInputEvents = YES;
				INFOPLIST_KEY_UILaunchScreen_Generation = YES;
				INFOPLIST_KEY_UISupportedInterfaceOrientations_iPad = "UIInterfaceOrientationPortrait UIInterfaceOrientationPortraitUpsideDown UIInterfaceOrientationLandscapeLeft UIInterfaceOrientationLandscapeRight";
				INFOPLIST_KEY_UISupportedInterfaceOrientations_iPhone = "UIInterfaceOrientationPortrait UIInterfaceOrientationLandscapeLeft UIInterfaceOrientationLandscapeRight";
				LD_RUNPATH_SEARCH_PATHS = (
					"$(inherited)",
					"@executable_path/Frameworks",
				);
				MARKETING_VERSION = 1.0;
				PRODUCT_BUNDLE_IDENTIFIER = com.ganeshrajugalla.SwiftUIJourney;
				PRODUCT_NAME = "$(TARGET_NAME)";
				SWIFT_EMIT_LOC_STRINGS = YES;
				SWIFT_VERSION = 5.0;
				TARGETED_DEVICE_FAMILY = "1,2";
			};
			name = Release;
		};
/* End XCBuildConfiguration section */

/* Begin XCConfigurationList section */
		6E60423C2B9CF7C20009014A /* Build configuration list for PBXProject "SwiftUIJourney" */ = {
			isa = XCConfigurationList;
			buildConfigurations = (
				6E60424D2B9CF7C40009014A /* Debug */,
				6E60424E2B9CF7C40009014A /* Release */,
			);
			defaultConfigurationIsVisible = 0;
			defaultConfigurationName = Release;
		};
		6E60424F2B9CF7C40009014A /* Build configuration list for PBXNativeTarget "SwiftUIJourney" */ = {
			isa = XCConfigurationList;
			buildConfigurations = (
				6E6042502B9CF7C40009014A /* Debug */,
				6E6042512B9CF7C40009014A /* Release */,
			);
			defaultConfigurationIsVisible = 0;
			defaultConfigurationName = Release;
		};
/* End XCConfigurationList section */
	};
	rootObject = 6E6042392B9CF7C20009014A /* Project object */;
}
